<?xml version="1.0" encoding="utf-8"?>
<Project ToolsVersion="4.0" xmlns="http://schemas.microsoft.com/developer/msbuild/2003">
  <ItemGroup>
    <Filter Include="Header Files">
      <UniqueIdentifier>{93995380-89BD-4b04-88EB-625FBE52EBFB}</UniqueIdentifier>
      <Extensions>h;hpp;hxx;hm;inl;inc;xsd</Extensions>
    </Filter>
    <Filter Include="Resource Files">
      <UniqueIdentifier>{67DA6AB6-F800-4c08-8B7A-83BB121AAD01}</UniqueIdentifier>
      <Extensions>rc;ico;cur;bmp;dlg;rc2;rct;bin;rgs;gif;jpg;jpeg;jpe;resx</Extensions>
    </Filter>
    <Filter Include="Source Files">
      <UniqueIdentifier>{4FC737F1-C7A5-4376-A066-2A32D752A2FF}</UniqueIdentifier>
      <Extensions>cpp;c;cc;cxx;def;odl;idl;hpj;bat;asm;asmx</Extensions>
    </Filter>
  </ItemGroup>
  <ItemGroup>
    <ClInclude Include="ARDriver.h">
      <Filter>Header Files</Filter>
    </ClInclude>
    <ClInclude Include="ATANCamera.h">
      <Filter>Header Files</Filter>
    </ClInclude>
    <ClInclude Include="EyeGame.h">
      <Filter>Header Files</Filter>
    </ClInclude>
    <ClInclude Include="GLWindow2.h">
      <Filter>Header Files</Filter>
    </ClInclude>
    <ClInclude Include="GLWindowMenu.h">
      <Filter>Header Files</Filter>
    </ClInclude>
    <ClInclude Include="HomographyInit.h">
      <Filter>Header Files</Filter>
    </ClInclude>
    <ClInclude Include="KeyFrame.h">
      <Filter>Header Files</Filter>
    </ClInclude>
    <ClInclude Include="LapackCholesky.h">
      <Filter>Header Files</Filter>
    </ClInclude>
    <ClInclude Include="LevelHelpers.h">
      <Filter>Header Files</Filter>
    </ClInclude>
    <ClInclude Include="Map.h">
      <Filter>Header Files</Filter>
    </ClInclude>
    <ClInclude Include="MapMaker.h">
      <Filter>Header Files</Filter>
    </ClInclude>
    <ClInclude Include="MapPoint.h">
      <Filter>Header Files</Filter>
    </ClInclude>
    <ClInclude Include="MapViewer.h">
      <Filter>Header Files</Filter>
    </ClInclude>
    <ClInclude Include="MEstimator.h">
      <Filter>Header Files</Filter>
    </ClInclude>
    <ClInclude Include="MiniPatch.h">
      <Filter>Header Files</Filter>
    </ClInclude>
    <ClInclude Include="OpenGL.h">
      <Filter>Header Files</Filter>
    </ClInclude>
    <ClInclude Include="PatchFinder.h">
      <Filter>Header Files</Filter>
    </ClInclude>
    <ClInclude Include="Relocaliser.h">
      <Filter>Header Files</Filter>
    </ClInclude>
    <ClInclude Include="ShiTomasi.h">
      <Filter>Header Files</Filter>
    </ClInclude>
    <ClInclude Include="SmallBlurryImage.h">
      <Filter>Header Files</Filter>
    </ClInclude>
    <ClInclude Include="SmallMatrixOpts.h">
      <Filter>Header Files</Filter>
    </ClInclude>
    <ClInclude Include="System.h">
      <Filter>Header Files</Filter>
    </ClInclude>
    <ClInclude Include="Tracker.h">
      <Filter>Header Files</Filter>
    </ClInclude>
    <ClInclude Include="TrackerData.h">
      <Filter>Header Files</Filter>
    </ClInclude>
  </ItemGroup>
  <ItemGroup>
    <ClCompile Include="ARDriver.cc">
      <Filter>Source Files</Filter>
    </ClCompile>
    <ClCompile Include="ATANCamera.cc">
      <Filter>Source Files</Filter>
    </ClCompile>
    <ClCompile Include="Bundle.cc">
      <Filter>Source Files</Filter>
    </ClCompile>
    <ClCompile Include="EyeGame.cc">
      <Filter>Source Files</Filter>
    </ClCompile>
    <ClCompile Include="GLWindow2.cc">
      <Filter>Source Files</Filter>
    </ClCompile>
    <ClCompile Include="GLWindowMenu.cc">
      <Filter>Source Files</Filter>
    </ClCompile>
    <ClCompile Include="HomographyInit.cc">
      <Filter>Source Files</Filter>
    </ClCompile>
    <ClCompile Include="KeyFrame.cc">
      <Filter>Source Files</Filter>
    </ClCompile>
    <ClCompile Include="main.cc">
      <Filter>Source Files</Filter>
    </ClCompile>
    <ClCompile Include="Map.cc">
      <Filter>Source Files</Filter>
    </ClCompile>
    <ClCompile Include="MapMaker.cc">
      <Filter>Source Files</Filter>
    </ClCompile>
    <ClCompile Include="MapPoint.cc">
      <Filter>Source Files</Filter>
    </ClCompile>
    <ClCompile Include="MapViewer.cc">
      <Filter>Source Files</Filter>
    </ClCompile>
    <ClCompile Include="MiniPatch.cc">
      <Filter>Source Files</Filter>
    </ClCompile>
    <ClCompile Include="PatchFinder.cc">
      <Filter>Source Files</Filter>
    </ClCompile>
    <ClCompile Include="Relocaliser.cc">
      <Filter>Source Files</Filter>
    </ClCompile>
    <ClCompile Include="ShiTomasi.cc">
      <Filter>Source Files</Filter>
    </ClCompile>
    <ClCompile Include="SmallBlurryImage.cc">
      <Filter>Source Files</Filter>
    </ClCompile>
    <ClCompile Include="System.cc">
      <Filter>Source Files</Filter>
    </ClCompile>
    <ClCompile Include="Tracker.cc">
      <Filter>Source Files</Filter>
    </ClCompile>
    <ClCompile Include="VideoSource_Win32_CMU1394.cc">
      <Filter>Source Files</Filter>
    </ClCompile>
  </ItemGroup>
</Project>